{
  "name": "gaia-dimension-be",
  "lockfileVersion": 3,
  "requires": true,
  "packages": {
    "": {
      "dependencies": {
        "@minecraft/server": "^1.8.0-beta.1.20.40-stable",
        "@minecraft/server-ui": "^1.1.0"
      }
    },
    "node_modules/@minecraft/common": {
      "version": "1.0.0",
      "resolved": "https://registry.npmjs.org/@minecraft/common/-/common-1.0.0.tgz",
      "integrity": "sha512-7WObMvUWaS2zBVBZwc150Kd/apLUYa5tx2fvkLe3JoviEKm7QjZNLghZV9sV/STXmd9k3HBKTKvRyGdNaTIVBA=="
    },
    "node_modules/@minecraft/server": {
      "version": "1.8.0-rc.1.20.60-preview.20",
      "resolved": "https://registry.npmjs.org/@minecraft/server/-/server-1.8.0-rc.1.20.60-preview.20.tgz",
      "integrity": "sha512-+QqZ8Em1t7ICzWv9LbLVeh/ld/7wM7MuCLBW2kKqMkSOEjgwxS1p30nzzTW2TCZrcK+/ksnJmsds8W8pbLjpEQ==",
      "dependencies": {
        "@minecraft/common": "^1.1.0-rc.1.20.60-preview.20"
      }
    },
    "node_modules/@minecraft/server-ui": {
      "version": "1.1.0",
      "resolved": "https://registry.npmjs.org/@minecraft/server-ui/-/server-ui-1.1.0.tgz",
      "integrity": "sha512-Gnf+GHjjT4VFoXEt7qjrfDRipDgc93YcXbgTmdPTQ5Og3DIRD003ahH97tGMZmeNdsB+ymvAquf+o2o9W2pDjw==",
      "dependencies": {
        "@minecraft/server": "^1.2.0"
      }
    },
    "node_modules/@minecraft/server-ui/node_modules/@minecraft/server": {
      "version": "1.6.0",
      "resolved": "https://registry.npmjs.org/@minecraft/server/-/server-1.6.0.tgz",
      "integrity": "sha512-V/jt0tY5aFnOPriFqOdWwdBSX+Pg/B/VGEynwZuST5yZLuBfJ1xb3888o1j//npFUbjv5iLQdm19ZbHscUrf5w==",
      "dependencies": {
        "@minecraft/common": "^1.0.0"
      }
    },
    "node_modules/@minecraft/server/node_modules/@minecraft/common": {
      "version": "1.1.0-rc.1.20.60-preview.20",
      "resolved": "https://registry.npmjs.org/@minecraft/common/-/common-1.1.0-rc.1.20.60-preview.20.tgz",
      "integrity": "sha512-4htL7Q7TSyjbmcnkYN3G7f8JCsKMNDL7yTsuCj8uWEFsAVzCKSEP2PdTaTt9fZBLRfFulJBCdyAwsSbKP7rDXw=="
    }
  }
}
